
Microsoft Visual Studio Solution File, Format Version 12.00
# Visual Studio Version 17
VisualStudioVersion = 17.4.33205.214
MinimumVisualStudioVersion = 10.0.40219.1
Project("{FAE04EC0-301F-11D3-BF4B-00C04F79EFBC}") = "EStoreAPI", "EStoreAPI\EStoreAPI.csproj", "{D508E85B-C7FE-484B-ACFE-EB6AD1CFCD87}"
EndProject
Project("{FAE04EC0-301F-11D3-BF4B-00C04F79EFBC}") = "DataAccess", "DataAccess\DataAccess.csproj", "{D781E73A-FBC8-4E6B-8294-7C44E3D56B05}"
EndProject
Project("{FAE04EC0-301F-11D3-BF4B-00C04F79EFBC}") = "BusinessObject", "BusinessObject\BusinessObject.csproj", "{DAED9FA2-87FF-4CE3-97B0-D0C37C6C70F6}"
EndProject
Global
	GlobalSection(SolutionConfigurationPlatforms) = preSolution
		Debug|Any CPU = Debug|Any CPU
		Release|Any CPU = Release|Any CPU
	EndGlobalSection
	GlobalSection(ProjectConfigurationPlatforms) = postSolution
		{D508E85B-C7FE-484B-ACFE-EB6AD1CFCD87}.Debug|Any CPU.ActiveCfg = Debug|Any CPU
		{D508E85B-C7FE-484B-ACFE-EB6AD1CFCD87}.Debug|Any CPU.Build.0 = Debug|Any CPU
		{D508E85B-C7FE-484B-ACFE-EB6AD1CFCD87}.Release|Any CPU.ActiveCfg = Release|Any CPU
		{D508E85B-C7FE-484B-ACFE-EB6AD1CFCD87}.Release|Any CPU.Build.0 = Release|Any CPU
		{D781E73A-FBC8-4E6B-8294-7C44E3D56B05}.Debug|Any CPU.ActiveCfg = Debug|Any CPU
		{D781E73A-FBC8-4E6B-8294-7C44E3D56B05}.Debug|Any CPU.Build.0 = Debug|Any CPU
		{D781E73A-FBC8-4E6B-8294-7C44E3D56B05}.Release|Any CPU.ActiveCfg = Release|Any CPU
		{D781E73A-FBC8-4E6B-8294-7C44E3D56B05}.Release|Any CPU.Build.0 = Release|Any CPU
		{DAED9FA2-87FF-4CE3-97B0-D0C37C6C70F6}.Debug|Any CPU.ActiveCfg = Debug|Any CPU
		{DAED9FA2-87FF-4CE3-97B0-D0C37C6C70F6}.Debug|Any CPU.Build.0 = Debug|Any CPU
		{DAED9FA2-87FF-4CE3-97B0-D0C37C6C70F6}.Release|Any CPU.ActiveCfg = Release|Any CPU
		{DAED9FA2-87FF-4CE3-97B0-D0C37C6C70F6}.Release|Any CPU.Build.0 = Release|Any CPU
	EndGlobalSection
	GlobalSection(SolutionProperties) = preSolution
		HideSolutionNode = FALSE
	EndGlobalSection
	GlobalSection(ExtensibilityGlobals) = postSolution
		SolutionGuid = {6203D18D-6810-460D-B089-265CCBAF2524}
	EndGlobalSection
EndGlobal
